{
  "name": "fuse-web",
  "requires": true,
  "lockfileVersion": 1,
  "dependencies": {
    "@netlify/blobs": {
      "version": "8.2.0",
      "resolved": "https://registry.npmjs.org/@netlify/blobs/-/blobs-8.2.0.tgz",
      "integrity": "sha512-9djLZHBKsoKk8XCgwWSEPK9QnT8qqxEQGuYh48gFIcNLvpBKkLnHbDZuyUxmNemCfDz7h0HnMXgSPnnUVgARhg=="
    }
  }
}
